
Microsoft Visual Studio Solution File, Format Version 12.00
Project("{FAE04EC0-301F-11D3-BF4B-00C04F79EFBC}") = "ProjectM", "ProjectM\ProjectM.csproj", "{2FE4D4BA-0CFF-4C7C-9420-A7696AB5EF8B}"
EndProject
Global
	GlobalSection(SolutionConfigurationPlatforms) = preSolution
		Debug|Any CPU = Debug|Any CPU
		Release|Any CPU = Release|Any CPU
	EndGlobalSection
	GlobalSection(ProjectConfigurationPlatforms) = postSolution
		{2FE4D4BA-0CFF-4C7C-9420-A7696AB5EF8B}.Debug|Any CPU.ActiveCfg = Debug|Any CPU
		{2FE4D4BA-0CFF-4C7C-9420-A7696AB5EF8B}.Debug|Any CPU.Build.0 = Debug|Any CPU
		{2FE4D4BA-0CFF-4C7C-9420-A7696AB5EF8B}.Release|Any CPU.ActiveCfg = Release|Any CPU
		{2FE4D4BA-0CFF-4C7C-9420-A7696AB5EF8B}.Release|Any CPU.Build.0 = Release|Any CPU
	EndGlobalSection
EndGlobal
